
Microsoft Visual Studio Solution File, Format Version 12.00
# Visual Studio 2013
VisualStudioVersion = 12.0.30723.0
MinimumVisualStudioVersion = 10.0.40219.1
Project("{FAE04EC0-301F-11D3-BF4B-00C04F79EFBC}") = "MVC5IdentitySample", "MVC5IdentitySample\MVC5IdentitySample.csproj", "{E025A254-2890-4E67-B516-7888EF7CA393}"
EndProject
Project("{FAE04EC0-301F-11D3-BF4B-00C04F79EFBC}") = "ForoApi2", "ForoApi2\ForoApi2\ForoApi2.csproj", "{D1152CD8-C06A-41BE-911F-F828F808905D}"
EndProject
Project("{FAE04EC0-301F-11D3-BF4B-00C04F79EFBC}") = "Foro.Models", "Foro.Models\Foro.Models.csproj", "{C03652A2-9AED-465B-8787-5895CDFC06B8}"
EndProject
Global
	GlobalSection(SolutionConfigurationPlatforms) = preSolution
		Debug|Any CPU = Debug|Any CPU
		Release|Any CPU = Release|Any CPU
	EndGlobalSection
	GlobalSection(ProjectConfigurationPlatforms) = postSolution
		{E025A254-2890-4E67-B516-7888EF7CA393}.Debug|Any CPU.ActiveCfg = Debug|Any CPU
		{E025A254-2890-4E67-B516-7888EF7CA393}.Debug|Any CPU.Build.0 = Debug|Any CPU
		{E025A254-2890-4E67-B516-7888EF7CA393}.Release|Any CPU.ActiveCfg = Release|Any CPU
		{E025A254-2890-4E67-B516-7888EF7CA393}.Release|Any CPU.Build.0 = Release|Any CPU
		{D1152CD8-C06A-41BE-911F-F828F808905D}.Debug|Any CPU.ActiveCfg = Debug|Any CPU
		{D1152CD8-C06A-41BE-911F-F828F808905D}.Debug|Any CPU.Build.0 = Debug|Any CPU
		{D1152CD8-C06A-41BE-911F-F828F808905D}.Release|Any CPU.ActiveCfg = Release|Any CPU
		{D1152CD8-C06A-41BE-911F-F828F808905D}.Release|Any CPU.Build.0 = Release|Any CPU
		{C03652A2-9AED-465B-8787-5895CDFC06B8}.Debug|Any CPU.ActiveCfg = Debug|Any CPU
		{C03652A2-9AED-465B-8787-5895CDFC06B8}.Debug|Any CPU.Build.0 = Debug|Any CPU
		{C03652A2-9AED-465B-8787-5895CDFC06B8}.Release|Any CPU.ActiveCfg = Release|Any CPU
		{C03652A2-9AED-465B-8787-5895CDFC06B8}.Release|Any CPU.Build.0 = Release|Any CPU
	EndGlobalSection
	GlobalSection(SolutionProperties) = preSolution
		HideSolutionNode = FALSE
	EndGlobalSection
EndGlobal
